PODS:
  - ActiveLabel (0.9.0)
  - AFNetworking (3.2.1):
    - AFNetworking/NSURLSession (= 3.2.1)
    - AFNetworking/Reachability (= 3.2.1)
    - AFNetworking/Security (= 3.2.1)
    - AFNetworking/Serialization (= 3.2.1)
    - AFNetworking/UIKit (= 3.2.1)
  - AFNetworking/NSURLSession (3.2.1):
    - AFNetworking/Reachability
    - AFNetworking/Security
    - AFNetworking/Serialization
  - AFNetworking/Reachability (3.2.1)
  - AFNetworking/Security (3.2.1)
  - AFNetworking/Serialization (3.2.1)
  - AFNetworking/UIKit (3.2.1):
    - AFNetworking/NSURLSession
  - AGWindowView (0.1.9)
  - AppAuth (0.92.0)
  - CHTCollectionViewWaterfallLayout (0.9.7):
    - CHTCollectionViewWaterfallLayout/ObjC (= 0.9.7)
  - CHTCollectionViewWaterfallLayout/ObjC (0.9.7)
  - CocoaLumberjack (3.4.2):
    - CocoaLumberjack/Default (= 3.4.2)
    - CocoaLumberjack/Extensions (= 3.4.2)
  - CocoaLumberjack/Default (3.4.2)
  - CocoaLumberjack/Extensions (3.4.2):
    - CocoaLumberjack/Default
  - DACircularProgress (2.3.1)
  - EZAudio (1.1.5):
    - EZAudio/Full (= 1.1.5)
  - EZAudio/Core (1.1.5)
  - EZAudio/Full (1.1.5):
    - EZAudio/Core
    - TPCircularBuffer (= 1.1)
  - FLAnimatedImage (1.0.12)
  - GoogleAPIClientForREST (1.3.6):
    - GoogleAPIClientForREST/Core (= 1.3.6)
    - GTMSessionFetcher (>= 1.1.7)
  - GoogleAPIClientForREST/Core (1.3.6):
    - GTMSessionFetcher (>= 1.1.7)
  - GoogleAPIClientForREST/Drive (1.3.6):
    - GoogleAPIClientForREST/Core
    - GTMSessionFetcher (>= 1.1.7)
  - GTMAppAuth (0.7.0):
    - AppAuth (~> 0.92.0)
    - GTMSessionFetcher (~> 1.1)
  - GTMSessionFetcher (1.2.0):
    - GTMSessionFetcher/Full (= 1.2.0)
  - GTMSessionFetcher/Core (1.2.0)
  - GTMSessionFetcher/Full (1.2.0):
    - GTMSessionFetcher/Core (= 1.2.0)
  - HPGrowingTextView (1.1)
  - InAppSettingsKit (2.9)
  - MBProgressHUD (0.9.2)
  - MWPhotoBrowser (2.1.2):
    - DACircularProgress (~> 2.3)
    - MBProgressHUD (~> 0.9)
    - "SDWebImage (!= 3.7.2, ~> 3.7)"
  - SDWebImage (3.8.2):
    - SDWebImage/Core (= 3.8.2)
  - SDWebImage/Core (3.8.2)
  - SideMenu (2.3.0)
  - Socket.IO-Client-Swift (13.3.1):
    - Starscream (~> 3.0.2)
  - Starscream (3.0.6)
  - SVPullToRefresh (0.4.1)
  - TPCircularBuffer (1.1)
  - TTTAttributedLabel (2.0.0)
  - UIImageViewAligned (0.0.1)

DEPENDENCIES:
  - ActiveLabel
  - AFNetworking
  - AGWindowView
  - CHTCollectionViewWaterfallLayout
  - CocoaLumberjack
  - EZAudio (~> 1.1.5)
  - FLAnimatedImage
  - GoogleAPIClientForREST
  - GoogleAPIClientForREST/Drive
  - GTMAppAuth
  - HPGrowingTextView
  - InAppSettingsKit
  - MWPhotoBrowser (from `https://github.com/surespot/MWPhotoBrowser.git`)
  - SideMenu (from `https://github.com/surespot/SideMenu.git`)
  - Socket.IO-Client-Swift
  - SVPullToRefresh
  - TTTAttributedLabel
  - UIImageViewAligned

SPEC REPOS:
  https://github.com/cocoapods/specs.git:
    - ActiveLabel
    - AFNetworking
    - AGWindowView
    - AppAuth
    - CHTCollectionViewWaterfallLayout
    - CocoaLumberjack
    - DACircularProgress
    - EZAudio
    - FLAnimatedImage
    - GoogleAPIClientForREST
    - GTMAppAuth
    - GTMSessionFetcher
    - HPGrowingTextView
    - InAppSettingsKit
    - MBProgressHUD
    - SDWebImage
    - Socket.IO-Client-Swift
    - Starscream
    - SVPullToRefresh
    - TPCircularBuffer
    - TTTAttributedLabel
    - UIImageViewAligned

EXTERNAL SOURCES:
  MWPhotoBrowser:
    :git: https://github.com/surespot/MWPhotoBrowser.git
  SideMenu:
    :git: https://github.com/surespot/SideMenu.git

CHECKOUT OPTIONS:
  MWPhotoBrowser:
    :commit: 228e958fd23eed2f9617b95ea1f9b7f80ff60963
    :git: https://github.com/surespot/MWPhotoBrowser.git
  SideMenu:
    :commit: 26c096a478b8b5d2fd45f28b68cc7422035f9607
    :git: https://github.com/surespot/SideMenu.git

SPEC CHECKSUMS:
  ActiveLabel: c4fdd14a288483e98b5a3dff0ab214699aeee74a
  AFNetworking: b6f891fdfaed196b46c7a83cf209e09697b94057
  AGWindowView: 08dc8d448b8c96430e78b3945a9c2cf5b0fde754
  AppAuth: 3f4f1d6d85ad631d0bbf15ffcdc10c447face97a
  CHTCollectionViewWaterfallLayout: 9d11068fafecac106695bb5a5d6d0f738483b598
  CocoaLumberjack: db7cc9e464771f12054c22ff6947c5a58d43a0fd
  DACircularProgress: 4dd437c0fc3da5161cb289e07ac449493d41db71
  EZAudio: 3b1cb4b6d7ebca68f0c2478576d75940aad4aa99
  FLAnimatedImage: 4a0b56255d9b05f18b6dd7ee06871be5d3b89e31
  GoogleAPIClientForREST: 5b95b38a0fa912e8ac7bdcf9e124578ef1a61bf2
  GTMAppAuth: 8d724be29ab8f2f6d35b2bf929d76340c9d1f1b1
  GTMSessionFetcher: 0c4baf0a73acd0041bf9f71ea018deedab5ea84e
  HPGrowingTextView: 88a716d97fb853bcb08a4a08e4727da17efc9b19
  InAppSettingsKit: fc3dea21846535b76b8289b119dbfdbe2505b2b2
  MBProgressHUD: 1569cf7ace17a8bac47aabfbb8580a49690386d1
  MWPhotoBrowser: 5836d7aa041dc05a13de380c246826578adc5ea5
  SDWebImage: 098e97e6176540799c27e804c96653ee0833d13c
  SideMenu: 49b8a20e2e5be4488966445850455254344cb826
  Socket.IO-Client-Swift: 79f8f85fa44881838175a20f9bd2c32bef2c9d37
  Starscream: ef3ece99d765eeccb67de105bfa143f929026cf5
  SVPullToRefresh: ba2e718695a43253d8bea6852d2960097dc15d8c
  TPCircularBuffer: 4960a919e667280f7f38963d771f45871b64fe62
  TTTAttributedLabel: 8cffe8e127e4e82ff3af1e5386d4cd0ad000b656
  UIImageViewAligned: 73030dd085400e1ae7641203b5cc1546fa0495a8

PODFILE CHECKSUM: 3a230af3b0784b7bbb34a666b7cded6ff50332dd

COCOAPODS: 1.5.2
